
Microsoft Visual Studio Solution File, Format Version 12.00
# Visual Studio 15
VisualStudioVersion = 15.0.28307.329
MinimumVisualStudioVersion = 10.0.40219.1
Project("{FAE04EC0-301F-11D3-BF4B-00C04F79EFBC}") = "elva", "elva\elva.csproj", "{49824440-9A6D-4069-897F-EC249026DEAD}"
EndProject
Global
	GlobalSection(SolutionConfigurationPlatforms) = preSolution
		Debug|Any CPU = Debug|Any CPU
		Release|Any CPU = Release|Any CPU
	EndGlobalSection
	GlobalSection(ProjectConfigurationPlatforms) = postSolution
		{49824440-9A6D-4069-897F-EC249026DEAD}.Debug|Any CPU.ActiveCfg = Debug|Any CPU
		{49824440-9A6D-4069-897F-EC249026DEAD}.Debug|Any CPU.Build.0 = Debug|Any CPU
		{49824440-9A6D-4069-897F-EC249026DEAD}.Release|Any CPU.ActiveCfg = Release|Any CPU
		{49824440-9A6D-4069-897F-EC249026DEAD}.Release|Any CPU.Build.0 = Release|Any CPU
	EndGlobalSection
	GlobalSection(SolutionProperties) = preSolution
		HideSolutionNode = FALSE
	EndGlobalSection
	GlobalSection(ExtensibilityGlobals) = postSolution
		SolutionGuid = {7CDA949B-38E7-4871-A6D6-BD86B9BD9602}
	EndGlobalSection
EndGlobal
